// !$*UTF8*$!
{
	archiveVersion = 1;
	classes = {
	};
	objectVersion = 60;
	objects = {

/* Begin PBXBuildFile section */
		0076EEDD2CE7950E00A31C10 /* AppDelegate.swift in Sources */ = {isa = PBXBuildFile; fileRef = 0076EEDC2CE7950E00A31C10 /* AppDelegate.swift */; };
		0076EEDF2CE7950E00A31C10 /* SceneDelegate.swift in Sources */ = {isa = PBXBuildFile; fileRef = 0076EEDE2CE7950E00A31C10 /* SceneDelegate.swift */; };
		0076EEE12CE7950E00A31C10 /* ViewController.swift in Sources */ = {isa = PBXBuildFile; fileRef = 0076EEE02CE7950E00A31C10 /* ViewController.swift */; };
		0076EEE42CE7950E00A31C10 /* Base in Resources */ = {isa = PBXBuildFile; fileRef = 0076EEE32CE7950E00A31C10 /* Base */; };
		0076EEE62CE7951000A31C10 /* Assets.xcassets in Resources */ = {isa = PBXBuildFile; fileRef = 0076EEE52CE7951000A31C10 /* Assets.xcassets */; };
		0076EEE92CE7951000A31C10 /* Base in Resources */ = {isa = PBXBuildFile; fileRef = 0076EEE82CE7951000A31C10 /* Base */; };
		0076EEF22CE7A08D00A31C10 /* TableViewController.xib in Resources */ = {isa = PBXBuildFile; fileRef = 0076EEF12CE7A08D00A31C10 /* TableViewController.xib */; };
		0076EEF32CE7A08D00A31C10 /* TableViewController.swift in Sources */ = {isa = PBXBuildFile; fileRef = 0076EEF02CE7A08D00A31C10 /* TableViewController.swift */; };
		0076EEF72CE7A8C600A31C10 /* InitViewController.swift in Sources */ = {isa = PBXBuildFile; fileRef = 0076EEF62CE7A8C600A31C10 /* InitViewController.swift */; };
/* End PBXBuildFile section */

/* Begin PBXFileReference section */
		0076EED92CE7950E00A31C10 /* Swift_ReviewSeries.app */ = {isa = PBXFileReference; explicitFileType = wrapper.application; includeInIndex = 0; path = Swift_ReviewSeries.app; sourceTree = BUILT_PRODUCTS_DIR; };
		0076EEDC2CE7950E00A31C10 /* AppDelegate.swift */ = {isa = PBXFileReference; lastKnownFileType = sourcecode.swift; path = AppDelegate.swift; sourceTree = "<group>"; };
		0076EEDE2CE7950E00A31C10 /* SceneDelegate.swift */ = {isa = PBXFileReference; lastKnownFileType = sourcecode.swift; path = SceneDelegate.swift; sourceTree = "<group>"; };
		0076EEE02CE7950E00A31C10 /* ViewController.swift */ = {isa = PBXFileReference; lastKnownFileType = sourcecode.swift; path = ViewController.swift; sourceTree = "<group>"; };
		0076EEE32CE7950E00A31C10 /* Base */ = {isa = PBXFileReference; lastKnownFileType = file.storyboard; name = Base; path = Base.lproj/Main.storyboard; sourceTree = "<group>"; };
		0076EEE52CE7951000A31C10 /* Assets.xcassets */ = {isa = PBXFileReference; lastKnownFileType = folder.assetcatalog; path = Assets.xcassets; sourceTree = "<group>"; };
		0076EEE82CE7951000A31C10 /* Base */ = {isa = PBXFileReference; lastKnownFileType = file.storyboard; name = Base; path = Base.lproj/LaunchScreen.storyboard; sourceTree = "<group>"; };
		0076EEEA2CE7951000A31C10 /* Info.plist */ = {isa = PBXFileReference; lastKnownFileType = text.plist.xml; path = Info.plist; sourceTree = "<group>"; };
		0076EEF02CE7A08D00A31C10 /* TableViewController.swift */ = {isa = PBXFileReference; lastKnownFileType = sourcecode.swift; path = TableViewController.swift; sourceTree = "<group>"; };
		0076EEF12CE7A08D00A31C10 /* TableViewController.xib */ = {isa = PBXFileReference; lastKnownFileType = file.xib; path = TableViewController.xib; sourceTree = "<group>"; };
		0076EEF62CE7A8C600A31C10 /* InitViewController.swift */ = {isa = PBXFileReference; lastKnownFileType = sourcecode.swift; path = InitViewController.swift; sourceTree = "<group>"; };
/* End PBXFileReference section */

/* Begin PBXFrameworksBuildPhase section */
		0076EED62CE7950E00A31C10 /* Frameworks */ = {
			isa = PBXFrameworksBuildPhase;
			buildActionMask = 2147483647;
			files = (
			);
			runOnlyForDeploymentPostprocessing = 0;
		};
/* End PBXFrameworksBuildPhase section */

/* Begin PBXGroup section */
		0076EED02CE7950E00A31C10 = {
			isa = PBXGroup;
			children = (
				0076EEDB2CE7950E00A31C10 /* Swift_ReviewSeries */,
				0076EEDA2CE7950E00A31C10 /* Products */,
			);
			sourceTree = "<group>";
		};
		0076EEDA2CE7950E00A31C10 /* Products */ = {
			isa = PBXGroup;
			children = (
				0076EED92CE7950E00A31C10 /* Swift_ReviewSeries.app */,
			);
			name = Products;
			sourceTree = "<group>";
		};
		0076EEDB2CE7950E00A31C10 /* Swift_ReviewSeries */ = {
			isa = PBXGroup;
			children = (
				0076EEDC2CE7950E00A31C10 /* AppDelegate.swift */,
				0076EEDE2CE7950E00A31C10 /* SceneDelegate.swift */,
				0076EEE02CE7950E00A31C10 /* ViewController.swift */,
				0076EEF62CE7A8C600A31C10 /* InitViewController.swift */,
				0076EEE22CE7950E00A31C10 /* Main.storyboard */,
				0076EEF02CE7A08D00A31C10 /* TableViewController.swift */,
				0076EEF12CE7A08D00A31C10 /* TableViewController.xib */,
				0076EEE52CE7951000A31C10 /* Assets.xcassets */,
				0076EEE72CE7951000A31C10 /* LaunchScreen.storyboard */,
				0076EEEA2CE7951000A31C10 /* Info.plist */,
			);
			path = Swift_ReviewSeries;
			sourceTree = "<group>";
		};
/* End PBXGroup section */

/* Begin PBXNativeTarget section */
		0076EED82CE7950E00A31C10 /* Swift_ReviewSeries */ = {
			isa = PBXNativeTarget;
			buildConfigurationList = 0076EEED2CE7951000A31C10 /* Build configuration list for PBXNativeTarget "Swift_ReviewSeries" */;
			buildPhases = (
				0076EED52CE7950E00A31C10 /* Sources */,
				0076EED62CE7950E00A31C10 /* Frameworks */,
				0076EED72CE7950E00A31C10 /* Resources */,
			);
			buildRules = (
			);
			dependencies = (
			);
			name = Swift_ReviewSeries;
			productName = Swift_ReviewSeries;
			productReference = 0076EED92CE7950E00A31C10 /* Swift_ReviewSeries.app */;
			productType = "com.apple.product-type.application";
		};
/* End PBXNativeTarget section */

/* Begin PBXProject section */
		0076EED12CE7950E00A31C10 /* Project object */ = {
			isa = PBXProject;
			attributes = {
				BuildIndependentTargetsInParallel = 1;
				LastSwiftUpdateCheck = 1600;
				LastUpgradeCheck = 1600;
				TargetAttributes = {
					0076EED82CE7950E00A31C10 = {
						CreatedOnToolsVersion = 16.0;
					};
				};
			};
			buildConfigurationList = 0076EED42CE7950E00A31C10 /* Build configuration list for PBXProject "Swift_ReviewSeries" */;
			compatibilityVersion = "Xcode 15.0";
			developmentRegion = en;
			hasScannedForEncodings = 0;
			knownRegions = (
				en,
				Base,
			);
			mainGroup = 0076EED02CE7950E00A31C10;
			productRefGroup = 0076EEDA2CE7950E00A31C10 /* Products */;
			projectDirPath = "";
			projectRoot = "";
			targets = (
				0076EED82CE7950E00A31C10 /* Swift_ReviewSeries */,
			);
		};
/* End PBXProject section */

/* Begin PBXResourcesBuildPhase section */
		0076EED72CE7950E00A31C10 /* Resources */ = {
			isa = PBXResourcesBuildPhase;
			buildActionMask = 2147483647;
			files = (
				0076EEE62CE7951000A31C10 /* Assets.xcassets in Resources */,
				0076EEE92CE7951000A31C10 /* Base in Resources */,
				0076EEE42CE7950E00A31C10 /* Base in Resources */,
				0076EEF22CE7A08D00A31C10 /* TableViewController.xib in Resources */,
			);
			runOnlyForDeploymentPostprocessing = 0;
		};
/* End PBXResourcesBuildPhase section */

/* Begin PBXSourcesBuildPhase section */
		0076EED52CE7950E00A31C10 /* Sources */ = {
			isa = PBXSourcesBuildPhase;
			buildActionMask = 2147483647;
			files = (
				0076EEE12CE7950E00A31C10 /* ViewController.swift in Sources */,
				0076EEDD2CE7950E00A31C10 /* AppDelegate.swift in Sources */,
				0076EEF72CE7A8C600A31C10 /* InitViewController.swift in Sources */,
				0076EEDF2CE7950E00A31C10 /* SceneDelegate.swift in Sources */,
				0076EEF32CE7A08D00A31C10 /* TableViewController.swift in Sources */,
			);
			runOnlyForDeploymentPostprocessing = 0;
		};
/* End PBXSourcesBuildPhase section */

/* Begin PBXVariantGroup section */
		0076EEE22CE7950E00A31C10 /* Main.storyboard */ = {
			isa = PBXVariantGroup;
			children = (
				0076EEE32CE7950E00A31C10 /* Base */,
			);
			name = Main.storyboard;
			sourceTree = "<group>";
		};
		0076EEE72CE7951000A31C10 /* LaunchScreen.storyboard */ = {
			isa = PBXVariantGroup;
			children = (
				0076EEE82CE7951000A31C10 /* Base */,
			);
			name = LaunchScreen.storyboard;
			sourceTree = "<group>";
		};
/* End PBXVariantGroup section */

/* Begin XCBuildConfiguration section */
		0076EEEB2CE7951000A31C10 /* Debug */ = {
			isa = XCBuildConfiguration;
			buildSettings = {
				ALWAYS_SEARCH_USER_PATHS = NO;
				ASSETCATALOG_COMPILER_GENERATE_SWIFT_ASSET_SYMBOL_EXTENSIONS = YES;
				CLANG_ANALYZER_NONNULL = YES;
				CLANG_ANALYZER_NUMBER_OBJECT_CONVERSION = YES_AGGRESSIVE;
				CLANG_CXX_LANGUAGE_STANDARD = "gnu++20";
				CLANG_ENABLE_MODULES = YES;
				CLANG_ENABLE_OBJC_ARC = YES;
				CLANG_ENABLE_OBJC_WEAK = YES;
				CLANG_WARN_BLOCK_CAPTURE_AUTORELEASING = YES;
				CLANG_WARN_BOOL_CONVERSION = YES;
				CLANG_WARN_COMMA = YES;
				CLANG_WARN_CONSTANT_CONVERSION = YES;
				CLANG_WARN_DEPRECATED_OBJC_IMPLEMENTATIONS = YES;
				CLANG_WARN_DIRECT_OBJC_ISA_USAGE = YES_ERROR;
				CLANG_WARN_DOCUMENTATION_COMMENTS = YES;
				CLANG_WARN_EMPTY_BODY = YES;
				CLANG_WARN_ENUM_CONVERSION = YES;
				CLANG_WARN_INFINITE_RECURSION = YES;
				CLANG_WARN_INT_CONVERSION = YES;
				CLANG_WARN_NON_LITERAL_NULL_CONVERSION = YES;
				CLANG_WARN_OBJC_IMPLICIT_RETAIN_SELF = YES;
				CLANG_WARN_OBJC_LITERAL_CONVERSION = YES;
				CLANG_WARN_OBJC_ROOT_CLASS = YES_ERROR;
				CLANG_WARN_QUOTED_INCLUDE_IN_FRAMEWORK_HEADER = YES;
				CLANG_WARN_RANGE_LOOP_ANALYSIS = YES;
				CLANG_WARN_STRICT_PROTOTYPES = YES;
				CLANG_WARN_SUSPICIOUS_MOVE = YES;
				CLANG_WARN_UNGUARDED_AVAILABILITY = YES_AGGRESSIVE;
				CLANG_WARN_UNREACHABLE_CODE = YES;
				CLANG_WARN__DUPLICATE_METHOD_MATCH = YES;
				COPY_PHASE_STRIP = NO;
				DEBUG_INFORMATION_FORMAT = dwarf;
				ENABLE_STRICT_OBJC_MSGSEND = YES;
				ENABLE_TESTABILITY = YES;
				ENABLE_USER_SCRIPT_SANDBOXING = YES;
				GCC_C_LANGUAGE_STANDARD = gnu17;
				GCC_DYNAMIC_NO_PIC = NO;
				GCC_NO_COMMON_BLOCKS = YES;
				GCC_OPTIMIZATION_LEVEL = 0;
				GCC_PREPROCESSOR_DEFINITIONS = (
					"DEBUG=1",
					"$(inherited)",
				);
				GCC_WARN_64_TO_32_BIT_CONVERSION = YES;
				GCC_WARN_ABOUT_RETURN_TYPE = YES_ERROR;
				GCC_WARN_UNDECLARED_SELECTOR = YES;
				GCC_WARN_UNINITIALIZED_AUTOS = YES_AGGRESSIVE;
				GCC_WARN_UNUSED_FUNCTION = YES;
				GCC_WARN_UNUSED_VARIABLE = YES;
				IPHONEOS_DEPLOYMENT_TARGET = 18.0;
				LOCALIZATION_PREFERS_STRING_CATALOGS = YES;
				MTL_ENABLE_DEBUG_INFO = INCLUDE_SOURCE;
				MTL_FAST_MATH = YES;
				ONLY_ACTIVE_ARCH = YES;
				SDKROOT = iphoneos;
				SWIFT_ACTIVE_COMPILATION_CONDITIONS = "DEBUG $(inherited)";
				SWIFT_OPTIMIZATION_LEVEL = "-Onone";
			};
			name = Debug;
		};
		0076EEEC2CE7951000A31C10 /* Release */ = {
			isa = XCBuildConfiguration;
			buildSettings = {
				ALWAYS_SEARCH_USER_PATHS = NO;
				ASSETCATALOG_COMPILER_GENERATE_SWIFT_ASSET_SYMBOL_EXTENSIONS = YES;
				CLANG_ANALYZER_NONNULL = YES;
				CLANG_ANALYZER_NUMBER_OBJECT_CONVERSION = YES_AGGRESSIVE;
				CLANG_CXX_LANGUAGE_STANDARD = "gnu++20";
				CLANG_ENABLE_MODULES = YES;
				CLANG_ENABLE_OBJC_ARC = YES;
				CLANG_ENABLE_OBJC_WEAK = YES;
				CLANG_WARN_BLOCK_CAPTURE_AUTORELEASING = YES;
				CLANG_WARN_BOOL_CONVERSION = YES;
				CLANG_WARN_COMMA = YES;
				CLANG_WARN_CONSTANT_CONVERSION = YES;
				CLANG_WARN_DEPRECATED_OBJC_IMPLEMENTATIONS = YES;
				CLANG_WARN_DIRECT_OBJC_ISA_USAGE = YES_ERROR;
				CLANG_WARN_DOCUMENTATION_COMMENTS = YES;
				CLANG_WARN_EMPTY_BODY = YES;
				CLANG_WARN_ENUM_CONVERSION = YES;
				CLANG_WARN_INFINITE_RECURSION = YES;
				CLANG_WARN_INT_CONVERSION = YES;
				CLANG_WARN_NON_LITERAL_NULL_CONVERSION = YES;
				CLANG_WARN_OBJC_IMPLICIT_RETAIN_SELF = YES;
				CLANG_WARN_OBJC_LITERAL_CONVERSION = YES;
				CLANG_WARN_OBJC_ROOT_CLASS = YES_ERROR;
				CLANG_WARN_QUOTED_INCLUDE_IN_FRAMEWORK_HEADER = YES;
				CLANG_WARN_RANGE_LOOP_ANALYSIS = YES;
				CLANG_WARN_STRICT_PROTOTYPES = YES;
				CLANG_WARN_SUSPICIOUS_MOVE = YES;
				CLANG_WARN_UNGUARDED_AVAILABILITY = YES_AGGRESSIVE;
				CLANG_WARN_UNREACHABLE_CODE = YES;
				CLANG_WARN__DUPLICATE_METHOD_MATCH = YES;
				COPY_PHASE_STRIP = NO;
				DEBUG_INFORMATION_FORMAT = "dwarf-with-dsym";
				ENABLE_NS_ASSERTIONS = NO;
				ENABLE_STRICT_OBJC_MSGSEND = YES;
				ENABLE_USER_SCRIPT_SANDBOXING = YES;
				GCC_C_LANGUAGE_STANDARD = gnu17;
				GCC_NO_COMMON_BLOCKS = YES;
				GCC_WARN_64_TO_32_BIT_CONVERSION = YES;
				GCC_WARN_ABOUT_RETURN_TYPE = YES_ERROR;
				GCC_WARN_UNDECLARED_SELECTOR = YES;
				GCC_WARN_UNINITIALIZED_AUTOS = YES_AGGRESSIVE;
				GCC_WARN_UNUSED_FUNCTION = YES;
				GCC_WARN_UNUSED_VARIABLE = YES;
				IPHONEOS_DEPLOYMENT_TARGET = 18.0;
				LOCALIZATION_PREFERS_STRING_CATALOGS = YES;
				MTL_ENABLE_DEBUG_INFO = NO;
				MTL_FAST_MATH = YES;
				SDKROOT = iphoneos;
				SWIFT_COMPILATION_MODE = wholemodule;
				VALIDATE_PRODUCT = YES;
			};
			name = Release;
		};
		0076EEEE2CE7951000A31C10 /* Debug */ = {
			isa = XCBuildConfiguration;
			buildSettings = {
				ASSETCATALOG_COMPILER_APPICON_NAME = AppIcon;
				ASSETCATALOG_COMPILER_GLOBAL_ACCENT_COLOR_NAME = AccentColor;
				CODE_SIGN_STYLE = Automatic;
				CURRENT_PROJECT_VERSION = 1;
				DEVELOPMENT_TEAM = 438RLR53H4;
				GENERATE_INFOPLIST_FILE = YES;
				INFOPLIST_FILE = Swift_ReviewSeries/Info.plist;
				INFOPLIST_KEY_UIApplicationSupportsIndirectInputEvents = YES;
				INFOPLIST_KEY_UILaunchStoryboardName = LaunchScreen;
				INFOPLIST_KEY_UIMainStoryboardFile = Main;
				INFOPLIST_KEY_UISupportedInterfaceOrientations_iPad = "UIInterfaceOrientationPortrait UIInterfaceOrientationPortraitUpsideDown UIInterfaceOrientationLandscapeLeft UIInterfaceOrientationLandscapeRight";
				INFOPLIST_KEY_UISupportedInterfaceOrientations_iPhone = "UIInterfaceOrientationPortrait UIInterfaceOrientationLandscapeLeft UIInterfaceOrientationLandscapeRight";
				LD_RUNPATH_SEARCH_PATHS = (
					"$(inherited)",
					"@executable_path/Frameworks",
				);
				MARKETING_VERSION = 1.0;
				PRODUCT_BUNDLE_IDENTIFIER = "com.nguyenlehieu.Swift-ReviewSeries";
				PRODUCT_NAME = "$(TARGET_NAME)";
				SWIFT_EMIT_LOC_STRINGS = YES;
				SWIFT_VERSION = 5.0;
				TARGETED_DEVICE_FAMILY = "1,2";
			};
			name = Debug;
		};
		0076EEEF2CE7951000A31C10 /* Release */ = {
			isa = XCBuildConfiguration;
			buildSettings = {
				ASSETCATALOG_COMPILER_APPICON_NAME = AppIcon;
				ASSETCATALOG_COMPILER_GLOBAL_ACCENT_COLOR_NAME = AccentColor;
				CODE_SIGN_STYLE = Automatic;
				CURRENT_PROJECT_VERSION = 1;
				DEVELOPMENT_TEAM = 438RLR53H4;
				GENERATE_INFOPLIST_FILE = YES;
				INFOPLIST_FILE = Swift_ReviewSeries/Info.plist;
				INFOPLIST_KEY_UIApplicationSupportsIndirectInputEvents = YES;
				INFOPLIST_KEY_UILaunchStoryboardName = LaunchScreen;
				INFOPLIST_KEY_UIMainStoryboardFile = Main;
				INFOPLIST_KEY_UISupportedInterfaceOrientations_iPad = "UIInterfaceOrientationPortrait UIInterfaceOrientationPortraitUpsideDown UIInterfaceOrientationLandscapeLeft UIInterfaceOrientationLandscapeRight";
				INFOPLIST_KEY_UISupportedInterfaceOrientations_iPhone = "UIInterfaceOrientationPortrait UIInterfaceOrientationLandscapeLeft UIInterfaceOrientationLandscapeRight";
				LD_RUNPATH_SEARCH_PATHS = (
					"$(inherited)",
					"@executable_path/Frameworks",
				);
				MARKETING_VERSION = 1.0;
				PRODUCT_BUNDLE_IDENTIFIER = "com.nguyenlehieu.Swift-ReviewSeries";
				PRODUCT_NAME = "$(TARGET_NAME)";
				SWIFT_EMIT_LOC_STRINGS = YES;
				SWIFT_VERSION = 5.0;
				TARGETED_DEVICE_FAMILY = "1,2";
			};
			name = Release;
		};
/* End XCBuildConfiguration section */

/* Begin XCConfigurationList section */
		0076EED42CE7950E00A31C10 /* Build configuration list for PBXProject "Swift_ReviewSeries" */ = {
			isa = XCConfigurationList;
			buildConfigurations = (
				0076EEEB2CE7951000A31C10 /* Debug */,
				0076EEEC2CE7951000A31C10 /* Release */,
			);
			defaultConfigurationIsVisible = 0;
			defaultConfigurationName = Release;
		};
		0076EEED2CE7951000A31C10 /* Build configuration list for PBXNativeTarget "Swift_ReviewSeries" */ = {
			isa = XCConfigurationList;
			buildConfigurations = (
				0076EEEE2CE7951000A31C10 /* Debug */,
				0076EEEF2CE7951000A31C10 /* Release */,
			);
			defaultConfigurationIsVisible = 0;
			defaultConfigurationName = Release;
		};
/* End XCConfigurationList section */
	};
	rootObject = 0076EED12CE7950E00A31C10 /* Project object */;
}
